
Microsoft Visual Studio Solution File, Format Version 12.00
# Visual Studio Version 17
VisualStudioVersion = 17.6.33723.286
MinimumVisualStudioVersion = 10.0.40219.1
Project("{C7167F0D-BC9F-4E6E-AFE1-012C56B48DB5}") = "Earmark.Package", "Earmark.Package\Earmark.Package.wapproj", "{97CE62CE-440F-4525-9376-8D06A583F708}"
EndProject
Project("{9A19103F-16F7-4668-BE54-9A1E7A4F7556}") = "Earmark", "Earmark\Earmark.csproj", "{5582985D-768A-4A08-95AC-143481F402B8}"
EndProject
Project("{9A19103F-16F7-4668-BE54-9A1E7A4F7556}") = "Earmark.Backend", "Earmark.Backend\Earmark.Backend.csproj", "{D4EB5B2D-16D2-4CEF-BA23-01D35129607A}"
EndProject
Project("{2150E333-8FDC-42A3-9474-1A3956D46DE8}") = "Solution Items", "Solution Items", "{0F63188D-2BE1-476B-9CAA-6212F6DA0204}"
	ProjectSection(SolutionItems) = preProject
		.editorconfig = .editorconfig
	EndProjectSection
EndProject
Project("{FAE04EC0-301F-11D3-BF4B-00C04F79EFBC}") = "Earmark.WebApi", "Earmark.WebApi\Earmark.WebApi.csproj", "{57D084AF-82D9-4E94-A877-D24C9156E6DA}"
EndProject
Global
	GlobalSection(SolutionConfigurationPlatforms) = preSolution
		Debug|Any CPU = Debug|Any CPU
		Debug|ARM64 = Debug|ARM64
		Debug|x64 = Debug|x64
		Debug|x86 = Debug|x86
		Release|Any CPU = Release|Any CPU
		Release|ARM64 = Release|ARM64
		Release|x64 = Release|x64
		Release|x86 = Release|x86
	EndGlobalSection
	GlobalSection(ProjectConfigurationPlatforms) = postSolution
		{97CE62CE-440F-4525-9376-8D06A583F708}.Debug|Any CPU.ActiveCfg = Debug|x64
		{97CE62CE-440F-4525-9376-8D06A583F708}.Debug|Any CPU.Build.0 = Debug|x64
		{97CE62CE-440F-4525-9376-8D06A583F708}.Debug|Any CPU.Deploy.0 = Debug|x64
		{97CE62CE-440F-4525-9376-8D06A583F708}.Debug|ARM64.ActiveCfg = Debug|ARM64
		{97CE62CE-440F-4525-9376-8D06A583F708}.Debug|ARM64.Build.0 = Debug|ARM64
		{97CE62CE-440F-4525-9376-8D06A583F708}.Debug|ARM64.Deploy.0 = Debug|ARM64
		{97CE62CE-440F-4525-9376-8D06A583F708}.Debug|x64.ActiveCfg = Debug|x64
		{97CE62CE-440F-4525-9376-8D06A583F708}.Debug|x64.Build.0 = Debug|x64
		{97CE62CE-440F-4525-9376-8D06A583F708}.Debug|x64.Deploy.0 = Debug|x64
		{97CE62CE-440F-4525-9376-8D06A583F708}.Debug|x86.ActiveCfg = Debug|x86
		{97CE62CE-440F-4525-9376-8D06A583F708}.Debug|x86.Build.0 = Debug|x86
		{97CE62CE-440F-4525-9376-8D06A583F708}.Debug|x86.Deploy.0 = Debug|x86
		{97CE62CE-440F-4525-9376-8D06A583F708}.Release|Any CPU.ActiveCfg = Release|x64
		{97CE62CE-440F-4525-9376-8D06A583F708}.Release|Any CPU.Build.0 = Release|x64
		{97CE62CE-440F-4525-9376-8D06A583F708}.Release|Any CPU.Deploy.0 = Release|x64
		{97CE62CE-440F-4525-9376-8D06A583F708}.Release|ARM64.ActiveCfg = Release|ARM64
		{97CE62CE-440F-4525-9376-8D06A583F708}.Release|ARM64.Build.0 = Release|ARM64
		{97CE62CE-440F-4525-9376-8D06A583F708}.Release|ARM64.Deploy.0 = Release|ARM64
		{97CE62CE-440F-4525-9376-8D06A583F708}.Release|x64.ActiveCfg = Release|x64
		{97CE62CE-440F-4525-9376-8D06A583F708}.Release|x64.Build.0 = Release|x64
		{97CE62CE-440F-4525-9376-8D06A583F708}.Release|x64.Deploy.0 = Release|x64
		{97CE62CE-440F-4525-9376-8D06A583F708}.Release|x86.ActiveCfg = Release|x86
		{97CE62CE-440F-4525-9376-8D06A583F708}.Release|x86.Build.0 = Release|x86
		{97CE62CE-440F-4525-9376-8D06A583F708}.Release|x86.Deploy.0 = Release|x86
		{5582985D-768A-4A08-95AC-143481F402B8}.Debug|Any CPU.ActiveCfg = Debug|x64
		{5582985D-768A-4A08-95AC-143481F402B8}.Debug|Any CPU.Build.0 = Debug|x64
		{5582985D-768A-4A08-95AC-143481F402B8}.Debug|ARM64.ActiveCfg = Debug|ARM64
		{5582985D-768A-4A08-95AC-143481F402B8}.Debug|ARM64.Build.0 = Debug|ARM64
		{5582985D-768A-4A08-95AC-143481F402B8}.Debug|x64.ActiveCfg = Debug|x64
		{5582985D-768A-4A08-95AC-143481F402B8}.Debug|x64.Build.0 = Debug|x64
		{5582985D-768A-4A08-95AC-143481F402B8}.Debug|x86.ActiveCfg = Debug|x86
		{5582985D-768A-4A08-95AC-143481F402B8}.Debug|x86.Build.0 = Debug|x86
		{5582985D-768A-4A08-95AC-143481F402B8}.Release|Any CPU.ActiveCfg = Release|x64
		{5582985D-768A-4A08-95AC-143481F402B8}.Release|Any CPU.Build.0 = Release|x64
		{5582985D-768A-4A08-95AC-143481F402B8}.Release|ARM64.ActiveCfg = Release|ARM64
		{5582985D-768A-4A08-95AC-143481F402B8}.Release|ARM64.Build.0 = Release|ARM64
		{5582985D-768A-4A08-95AC-143481F402B8}.Release|x64.ActiveCfg = Release|x64
		{5582985D-768A-4A08-95AC-143481F402B8}.Release|x64.Build.0 = Release|x64
		{5582985D-768A-4A08-95AC-143481F402B8}.Release|x86.ActiveCfg = Release|x86
		{5582985D-768A-4A08-95AC-143481F402B8}.Release|x86.Build.0 = Release|x86
		{D4EB5B2D-16D2-4CEF-BA23-01D35129607A}.Debug|Any CPU.ActiveCfg = Debug|Any CPU
		{D4EB5B2D-16D2-4CEF-BA23-01D35129607A}.Debug|Any CPU.Build.0 = Debug|Any CPU
		{D4EB5B2D-16D2-4CEF-BA23-01D35129607A}.Debug|ARM64.ActiveCfg = Debug|Any CPU
		{D4EB5B2D-16D2-4CEF-BA23-01D35129607A}.Debug|ARM64.Build.0 = Debug|Any CPU
		{D4EB5B2D-16D2-4CEF-BA23-01D35129607A}.Debug|x64.ActiveCfg = Debug|Any CPU
		{D4EB5B2D-16D2-4CEF-BA23-01D35129607A}.Debug|x64.Build.0 = Debug|Any CPU
		{D4EB5B2D-16D2-4CEF-BA23-01D35129607A}.Debug|x86.ActiveCfg = Debug|Any CPU
		{D4EB5B2D-16D2-4CEF-BA23-01D35129607A}.Debug|x86.Build.0 = Debug|Any CPU
		{D4EB5B2D-16D2-4CEF-BA23-01D35129607A}.Release|Any CPU.ActiveCfg = Release|Any CPU
		{D4EB5B2D-16D2-4CEF-BA23-01D35129607A}.Release|Any CPU.Build.0 = Release|Any CPU
		{D4EB5B2D-16D2-4CEF-BA23-01D35129607A}.Release|ARM64.ActiveCfg = Release|Any CPU
		{D4EB5B2D-16D2-4CEF-BA23-01D35129607A}.Release|ARM64.Build.0 = Release|Any CPU
		{D4EB5B2D-16D2-4CEF-BA23-01D35129607A}.Release|x64.ActiveCfg = Release|Any CPU
		{D4EB5B2D-16D2-4CEF-BA23-01D35129607A}.Release|x64.Build.0 = Release|Any CPU
		{D4EB5B2D-16D2-4CEF-BA23-01D35129607A}.Release|x86.ActiveCfg = Release|Any CPU
		{D4EB5B2D-16D2-4CEF-BA23-01D35129607A}.Release|x86.Build.0 = Release|Any CPU
		{57D084AF-82D9-4E94-A877-D24C9156E6DA}.Debug|Any CPU.ActiveCfg = Debug|Any CPU
		{57D084AF-82D9-4E94-A877-D24C9156E6DA}.Debug|Any CPU.Build.0 = Debug|Any CPU
		{57D084AF-82D9-4E94-A877-D24C9156E6DA}.Debug|ARM64.ActiveCfg = Debug|Any CPU
		{57D084AF-82D9-4E94-A877-D24C9156E6DA}.Debug|ARM64.Build.0 = Debug|Any CPU
		{57D084AF-82D9-4E94-A877-D24C9156E6DA}.Debug|x64.ActiveCfg = Debug|Any CPU
		{57D084AF-82D9-4E94-A877-D24C9156E6DA}.Debug|x64.Build.0 = Debug|Any CPU
		{57D084AF-82D9-4E94-A877-D24C9156E6DA}.Debug|x86.ActiveCfg = Debug|Any CPU
		{57D084AF-82D9-4E94-A877-D24C9156E6DA}.Debug|x86.Build.0 = Debug|Any CPU
		{57D084AF-82D9-4E94-A877-D24C9156E6DA}.Release|Any CPU.ActiveCfg = Release|Any CPU
		{57D084AF-82D9-4E94-A877-D24C9156E6DA}.Release|Any CPU.Build.0 = Release|Any CPU
		{57D084AF-82D9-4E94-A877-D24C9156E6DA}.Release|ARM64.ActiveCfg = Release|Any CPU
		{57D084AF-82D9-4E94-A877-D24C9156E6DA}.Release|ARM64.Build.0 = Release|Any CPU
		{57D084AF-82D9-4E94-A877-D24C9156E6DA}.Release|x64.ActiveCfg = Release|Any CPU
		{57D084AF-82D9-4E94-A877-D24C9156E6DA}.Release|x64.Build.0 = Release|Any CPU
		{57D084AF-82D9-4E94-A877-D24C9156E6DA}.Release|x86.ActiveCfg = Release|Any CPU
		{57D084AF-82D9-4E94-A877-D24C9156E6DA}.Release|x86.Build.0 = Release|Any CPU
	EndGlobalSection
	GlobalSection(SolutionProperties) = preSolution
		HideSolutionNode = FALSE
	EndGlobalSection
	GlobalSection(ExtensibilityGlobals) = postSolution
		SolutionGuid = {2E914820-7C16-4184-94E7-2B78AE3C4F7C}
	EndGlobalSection
EndGlobal
